
Microsoft Visual Studio Solution File, Format Version 12.00
# Visual Studio Version 17
VisualStudioVersion = 17.7.34018.315
MinimumVisualStudioVersion = 10.0.40219.1
Project("{FAE04EC0-301F-11D3-BF4B-00C04F79EFBC}") = "SimpleAPI", "SimpleAPI\SimpleAPI.csproj", "{30FD322E-D173-49DD-A65E-E7321044E363}"
EndProject
Global
	GlobalSection(SolutionConfigurationPlatforms) = preSolution
		Debug|Any CPU = Debug|Any CPU
		Release|Any CPU = Release|Any CPU
	EndGlobalSection
	GlobalSection(ProjectConfigurationPlatforms) = postSolution
		{30FD322E-D173-49DD-A65E-E7321044E363}.Debug|Any CPU.ActiveCfg = Debug|Any CPU
		{30FD322E-D173-49DD-A65E-E7321044E363}.Debug|Any CPU.Build.0 = Debug|Any CPU
		{30FD322E-D173-49DD-A65E-E7321044E363}.Release|Any CPU.ActiveCfg = Release|Any CPU
		{30FD322E-D173-49DD-A65E-E7321044E363}.Release|Any CPU.Build.0 = Release|Any CPU
	EndGlobalSection
	GlobalSection(SolutionProperties) = preSolution
		HideSolutionNode = FALSE
	EndGlobalSection
	GlobalSection(ExtensibilityGlobals) = postSolution
		SolutionGuid = {1C2662C6-A3EB-416E-9A8D-68FB6F3F6908}
	EndGlobalSection
EndGlobal
